// !$*UTF8*$!
{
	archiveVersion = 1;
	classes = {
	};
	objectVersion = 51;
	objects = {

/* Begin PBXBuildFile section */
		6ED44C9E250A8145006DA53B /* AppDelegate.swift in Sources */ = {isa = PBXBuildFile; fileRef = 6ED44C9D250A8145006DA53B /* AppDelegate.swift */; };
		6ED44CA7250A8148006DA53B /* Assets.xcassets in Resources */ = {isa = PBXBuildFile; fileRef = 6ED44CA6250A8148006DA53B /* Assets.xcassets */; };
		6ED44CBF250A8320006DA53B /* RequestSerializer.swift in Sources */ = {isa = PBXBuildFile; fileRef = 6ED44CB9250A8320006DA53B /* RequestSerializer.swift */; };
		6ED44CC0250A8320006DA53B /* NSURL.swift in Sources */ = {isa = PBXBuildFile; fileRef = 6ED44CBA250A8320006DA53B /* NSURL.swift */; };
		6ED44CC1250A8320006DA53B /* Error.swift in Sources */ = {isa = PBXBuildFile; fileRef = 6ED44CBB250A8320006DA53B /* Error.swift */; };
		6ED44CC2250A8320006DA53B /* ApiManager.swift in Sources */ = {isa = PBXBuildFile; fileRef = 6ED44CBC250A8320006DA53B /* ApiManager.swift */; };
		6ED44CC3250A8320006DA53B /* ResponseSerializer.swift in Sources */ = {isa = PBXBuildFile; fileRef = 6ED44CBD250A8320006DA53B /* ResponseSerializer.swift */; };
		6ED44CC4250A8320006DA53B /* Router.swift in Sources */ = {isa = PBXBuildFile; fileRef = 6ED44CBE250A8320006DA53B /* Router.swift */; };
		6ED44CD9250A8357006DA53B /* StringExt.swift in Sources */ = {isa = PBXBuildFile; fileRef = 6ED44CCB250A8357006DA53B /* StringExt.swift */; };
		6ED44CDA250A8357006DA53B /* DictionaryExt.swift in Sources */ = {isa = PBXBuildFile; fileRef = 6ED44CCC250A8357006DA53B /* DictionaryExt.swift */; };
		6ED44CDB250A8357006DA53B /* NSDataExt.swift in Sources */ = {isa = PBXBuildFile; fileRef = 6ED44CCD250A8357006DA53B /* NSDataExt.swift */; };
		6ED44CEA250A8476006DA53B /* LaunchScreen.storyboard in Resources */ = {isa = PBXBuildFile; fileRef = 6ED44CE8250A8476006DA53B /* LaunchScreen.storyboard */; };
		F301BA82252ACDA500F8D2BB /* PhotosAlbumViewController.swift in Sources */ = {isa = PBXBuildFile; fileRef = F301BA80252ACDA500F8D2BB /* PhotosAlbumViewController.swift */; };
		F301BA83252ACDA500F8D2BB /* PhotosAlbumViewController.xib in Resources */ = {isa = PBXBuildFile; fileRef = F301BA81252ACDA500F8D2BB /* PhotosAlbumViewController.xib */; };
		F301BA85252ACDB900F8D2BB /* PhotosAlbumViewModel.swift in Sources */ = {isa = PBXBuildFile; fileRef = F301BA84252ACDB900F8D2BB /* PhotosAlbumViewModel.swift */; };
		F301BA89252ACEC800F8D2BB /* PhotosAlbumCell.swift in Sources */ = {isa = PBXBuildFile; fileRef = F301BA87252ACEC800F8D2BB /* PhotosAlbumCell.swift */; };
		F301BA8A252ACEC800F8D2BB /* PhotosAlbumCell.xib in Resources */ = {isa = PBXBuildFile; fileRef = F301BA88252ACEC800F8D2BB /* PhotosAlbumCell.xib */; };
		F301BA8C252ACEDE00F8D2BB /* PhotosAlbumCellViewModel.swift in Sources */ = {isa = PBXBuildFile; fileRef = F301BA8B252ACEDE00F8D2BB /* PhotosAlbumCellViewModel.swift */; };
		F301BA8E252ACF1700F8D2BB /* Photo.swift in Sources */ = {isa = PBXBuildFile; fileRef = F301BA8D252ACF1700F8D2BB /* Photo.swift */; };
		F301BA90252AD2BB00F8D2BB /* Api.PhotosInAlbum.swift in Sources */ = {isa = PBXBuildFile; fileRef = F301BA8F252AD2BB00F8D2BB /* Api.PhotosInAlbum.swift */; };
		F301BA97252AFA2500F8D2BB /* PhotoViewModel.swift in Sources */ = {isa = PBXBuildFile; fileRef = F301BA96252AFA2500F8D2BB /* PhotoViewModel.swift */; };
		F319F70A25297B91007B6CA9 /* DetailsFriend.swift in Sources */ = {isa = PBXBuildFile; fileRef = F319F70925297B91007B6CA9 /* DetailsFriend.swift */; };
		F319F70E2529CC3B007B6CA9 /* Album.swift in Sources */ = {isa = PBXBuildFile; fileRef = F319F70D2529CC3B007B6CA9 /* Album.swift */; };
		F32BA0822536D66F00BF0A2A /* UIImageExt.swift in Sources */ = {isa = PBXBuildFile; fileRef = F32BA0812536D66F00BF0A2A /* UIImageExt.swift */; };
		F34A82F52523423A0005CC2D /* ReceiverCell.swift in Sources */ = {isa = PBXBuildFile; fileRef = F34A82F32523423A0005CC2D /* ReceiverCell.swift */; };
		F34A82F62523423A0005CC2D /* ReceiverCell.xib in Resources */ = {isa = PBXBuildFile; fileRef = F34A82F42523423A0005CC2D /* ReceiverCell.xib */; };
		F34A831A252929120005CC2D /* CustomLine.swift in Sources */ = {isa = PBXBuildFile; fileRef = F34A8319252929120005CC2D /* CustomLine.swift */; };
		F34A832025293BCB0005CC2D /* AlbumCell.swift in Sources */ = {isa = PBXBuildFile; fileRef = F34A831E25293BCB0005CC2D /* AlbumCell.swift */; };
		F34A832125293BCB0005CC2D /* AlbumCell.xib in Resources */ = {isa = PBXBuildFile; fileRef = F34A831F25293BCB0005CC2D /* AlbumCell.xib */; };
		F34A832325293BE50005CC2D /* AlbumCellViewModel.swift in Sources */ = {isa = PBXBuildFile; fileRef = F34A832225293BE50005CC2D /* AlbumCellViewModel.swift */; };
		F394C983A276A0328ED4448A /* Pods_FinalProject.framework in Frameworks */ = {isa = PBXBuildFile; fileRef = BD3EFD8E62132522E716F26A /* Pods_FinalProject.framework */; };
		F398AAD62520908E006E223F /* Api.InforUser.swift in Sources */ = {isa = PBXBuildFile; fileRef = F398AAD52520908E006E223F /* Api.InforUser.swift */; };
		F398AAD825209395006E223F /* User.swift in Sources */ = {isa = PBXBuildFile; fileRef = F398AAD725209395006E223F /* User.swift */; };
		F398AADA252099AE006E223F /* Friends.swift in Sources */ = {isa = PBXBuildFile; fileRef = F398AAD9252099AE006E223F /* Friends.swift */; };
		F398AADC2520A00B006E223F /* ConversationsViewController.xib in Resources */ = {isa = PBXBuildFile; fileRef = F398AADB2520A00B006E223F /* ConversationsViewController.xib */; };
		F398AAE225217E70006E223F /* ConversationsCell.swift in Sources */ = {isa = PBXBuildFile; fileRef = F398AAE025217E70006E223F /* ConversationsCell.swift */; };
		F398AAE325217E70006E223F /* ConversationsCell.xib in Resources */ = {isa = PBXBuildFile; fileRef = F398AAE125217E70006E223F /* ConversationsCell.xib */; };
		F398AAE525217F3A006E223F /* ConversationsCellViewModel.swift in Sources */ = {isa = PBXBuildFile; fileRef = F398AAE425217F3A006E223F /* ConversationsCellViewModel.swift */; };
		F398AAEF2521A57D006E223F /* ChatViewController.xib in Resources */ = {isa = PBXBuildFile; fileRef = F398AAEE2521A57D006E223F /* ChatViewController.xib */; };
		F398AAF12521C110006E223F /* Message.swift in Sources */ = {isa = PBXBuildFile; fileRef = F398AAF02521C110006E223F /* Message.swift */; };
		F398AAF42521C56B006E223F /* SenderCell.swift in Sources */ = {isa = PBXBuildFile; fileRef = F398AAF22521C56B006E223F /* SenderCell.swift */; };
		F398AAF52521C56B006E223F /* SenderCell.xib in Resources */ = {isa = PBXBuildFile; fileRef = F398AAF32521C56B006E223F /* SenderCell.xib */; };
		F398AAF725224F22006E223F /* MessageCellViewModel.swift in Sources */ = {isa = PBXBuildFile; fileRef = F398AAF625224F22006E223F /* MessageCellViewModel.swift */; };
		F398D711251898C3009E7424 /* ViewController.swift in Sources */ = {isa = PBXBuildFile; fileRef = F398D710251898C3009E7424 /* ViewController.swift */; };
		F398D72525189AD5009E7424 /* ChatViewController.swift in Sources */ = {isa = PBXBuildFile; fileRef = F398D72325189AD5009E7424 /* ChatViewController.swift */; };
		F398D73A25189E6D009E7424 /* ChatViewModel.swift in Sources */ = {isa = PBXBuildFile; fileRef = F398D73925189E6D009E7424 /* ChatViewModel.swift */; };
		F398D73E25189EEF009E7424 /* FriendsViewController.swift in Sources */ = {isa = PBXBuildFile; fileRef = F398D73C25189EEF009E7424 /* FriendsViewController.swift */; };
		F398D73F25189EEF009E7424 /* FriendsViewController.xib in Resources */ = {isa = PBXBuildFile; fileRef = F398D73D25189EEF009E7424 /* FriendsViewController.xib */; };
		F398D74125189F08009E7424 /* FriendsViewModel.swift in Sources */ = {isa = PBXBuildFile; fileRef = F398D74025189F08009E7424 /* FriendsViewModel.swift */; };
		F398D74425189F6F009E7424 /* FriendsCollectionViewCell.swift in Sources */ = {isa = PBXBuildFile; fileRef = F398D74225189F6F009E7424 /* FriendsCollectionViewCell.swift */; };
		F398D74525189F6F009E7424 /* FriendsCollectionViewCell.xib in Resources */ = {isa = PBXBuildFile; fileRef = F398D74325189F6F009E7424 /* FriendsCollectionViewCell.xib */; };
		F398D74725189F8D009E7424 /* FriendsCellViewModel.swift in Sources */ = {isa = PBXBuildFile; fileRef = F398D74625189F8D009E7424 /* FriendsCellViewModel.swift */; };
		F398D74B2518A011009E7424 /* FriendsProfileViewController.swift in Sources */ = {isa = PBXBuildFile; fileRef = F398D7492518A011009E7424 /* FriendsProfileViewController.swift */; };
		F398D74C2518A011009E7424 /* FriendsProfileViewController.xib in Resources */ = {isa = PBXBuildFile; fileRef = F398D74A2518A011009E7424 /* FriendsProfileViewController.xib */; };
		F398D75E2518A3DE009E7424 /* FriendsProfileViewModel.swift in Sources */ = {isa = PBXBuildFile; fileRef = F398D75D2518A3DE009E7424 /* FriendsProfileViewModel.swift */; };
		F398D7612518A44F009E7424 /* ConversationsViewController.swift in Sources */ = {isa = PBXBuildFile; fileRef = F398D75F2518A44F009E7424 /* ConversationsViewController.swift */; };
		F398D7642518A471009E7424 /* ConversationsViewModel.swift in Sources */ = {isa = PBXBuildFile; fileRef = F398D7632518A471009E7424 /* ConversationsViewModel.swift */; };
		F398D7682518A6AA009E7424 /* LoginViewController.swift in Sources */ = {isa = PBXBuildFile; fileRef = F398D7662518A6AA009E7424 /* LoginViewController.swift */; };
		F398D7692518A6AA009E7424 /* LoginViewController.xib in Resources */ = {isa = PBXBuildFile; fileRef = F398D7672518A6AA009E7424 /* LoginViewController.xib */; };
		F398D7742518AE35009E7424 /* TabbarViewController.swift in Sources */ = {isa = PBXBuildFile; fileRef = F398D7732518AE35009E7424 /* TabbarViewController.swift */; };
		F398D77D2519F945009E7424 /* Session.swift in Sources */ = {isa = PBXBuildFile; fileRef = F398D77C2519F945009E7424 /* Session.swift */; };
		F398D7802519FB19009E7424 /* FacebookKey.swift in Sources */ = {isa = PBXBuildFile; fileRef = F398D77F2519FB19009E7424 /* FacebookKey.swift */; };
		F398D783251AFDC7009E7424 /* AlertKey.swift in Sources */ = {isa = PBXBuildFile; fileRef = F398D782251AFDC7009E7424 /* AlertKey.swift */; };
		F398D785251B02F5009E7424 /* LoginViewModel.swift in Sources */ = {isa = PBXBuildFile; fileRef = F398D784251B02F5009E7424 /* LoginViewModel.swift */; };
		F398D787251B36A9009E7424 /* TabbarItemsKey.swift in Sources */ = {isa = PBXBuildFile; fileRef = F398D786251B36A9009E7424 /* TabbarItemsKey.swift */; };
		F398D7A1251E5752009E7424 /* Api.DetailUser.swift in Sources */ = {isa = PBXBuildFile; fileRef = F398D7A0251E5752009E7424 /* Api.DetailUser.swift */; };
		F3AB787A252C220F00928F6A /* PhotoCell.swift in Sources */ = {isa = PBXBuildFile; fileRef = F3AB7878252C220F00928F6A /* PhotoCell.swift */; };
		F3AB787B252C220F00928F6A /* PhotoCell.xib in Resources */ = {isa = PBXBuildFile; fileRef = F3AB7879252C220F00928F6A /* PhotoCell.xib */; };
		F3AB787D252C222200928F6A /* PhotoCellViewModel.swift in Sources */ = {isa = PBXBuildFile; fileRef = F3AB787C252C222200928F6A /* PhotoCellViewModel.swift */; };
		F3AB7880252C6FF700928F6A /* PhotoViewController.swift in Sources */ = {isa = PBXBuildFile; fileRef = F3AB787E252C6FF700928F6A /* PhotoViewController.swift */; };
		F3AB7881252C6FF700928F6A /* PhotoViewController.xib in Resources */ = {isa = PBXBuildFile; fileRef = F3AB787F252C6FF700928F6A /* PhotoViewController.xib */; };
		F3BEF43D264BCED600D4B7BA /* GoogleService-Info.plist in Resources */ = {isa = PBXBuildFile; fileRef = F3BEF43C264BCED600D4B7BA /* GoogleService-Info.plist */; };
/* End PBXBuildFile section */

/* Begin PBXFileReference section */
		576798226742ABD93715BDF6 /* Pods-FinalProject.release.xcconfig */ = {isa = PBXFileReference; includeInIndex = 1; lastKnownFileType = text.xcconfig; name = "Pods-FinalProject.release.xcconfig"; path = "Target Support Files/Pods-FinalProject/Pods-FinalProject.release.xcconfig"; sourceTree = "<group>"; };
		6ED44C9A250A8145006DA53B /* FinalProject.app */ = {isa = PBXFileReference; explicitFileType = wrapper.application; includeInIndex = 0; path = FinalProject.app; sourceTree = BUILT_PRODUCTS_DIR; };
		6ED44C9D250A8145006DA53B /* AppDelegate.swift */ = {isa = PBXFileReference; lastKnownFileType = sourcecode.swift; path = AppDelegate.swift; sourceTree = "<group>"; };
		6ED44CA6250A8148006DA53B /* Assets.xcassets */ = {isa = PBXFileReference; lastKnownFileType = folder.assetcatalog; path = Assets.xcassets; sourceTree = "<group>"; };
		6ED44CB9250A8320006DA53B /* RequestSerializer.swift */ = {isa = PBXFileReference; fileEncoding = 4; lastKnownFileType = sourcecode.swift; path = RequestSerializer.swift; sourceTree = "<group>"; };
		6ED44CBA250A8320006DA53B /* NSURL.swift */ = {isa = PBXFileReference; fileEncoding = 4; lastKnownFileType = sourcecode.swift; path = NSURL.swift; sourceTree = "<group>"; };
		6ED44CBB250A8320006DA53B /* Error.swift */ = {isa = PBXFileReference; fileEncoding = 4; lastKnownFileType = sourcecode.swift; path = Error.swift; sourceTree = "<group>"; };
		6ED44CBC250A8320006DA53B /* ApiManager.swift */ = {isa = PBXFileReference; fileEncoding = 4; lastKnownFileType = sourcecode.swift; path = ApiManager.swift; sourceTree = "<group>"; };
		6ED44CBD250A8320006DA53B /* ResponseSerializer.swift */ = {isa = PBXFileReference; fileEncoding = 4; lastKnownFileType = sourcecode.swift; path = ResponseSerializer.swift; sourceTree = "<group>"; };
		6ED44CBE250A8320006DA53B /* Router.swift */ = {isa = PBXFileReference; fileEncoding = 4; lastKnownFileType = sourcecode.swift; path = Router.swift; sourceTree = "<group>"; };
		6ED44CCB250A8357006DA53B /* StringExt.swift */ = {isa = PBXFileReference; fileEncoding = 4; lastKnownFileType = sourcecode.swift; path = StringExt.swift; sourceTree = "<group>"; };
		6ED44CCC250A8357006DA53B /* DictionaryExt.swift */ = {isa = PBXFileReference; fileEncoding = 4; lastKnownFileType = sourcecode.swift; path = DictionaryExt.swift; sourceTree = "<group>"; };
		6ED44CCD250A8357006DA53B /* NSDataExt.swift */ = {isa = PBXFileReference; fileEncoding = 4; lastKnownFileType = sourcecode.swift; path = NSDataExt.swift; sourceTree = "<group>"; };
		6ED44CE9250A8476006DA53B /* Base */ = {isa = PBXFileReference; lastKnownFileType = file.storyboard; name = Base; path = LaunchScreen.storyboard; sourceTree = "<group>"; };
		6ED44CEB250A84F8006DA53B /* Info.plist */ = {isa = PBXFileReference; fileEncoding = 4; lastKnownFileType = text.plist; path = Info.plist; sourceTree = "<group>"; };
		A6E513A51564968E3C0375F2 /* Pods-FinalProject.debug.xcconfig */ = {isa = PBXFileReference; includeInIndex = 1; lastKnownFileType = text.xcconfig; name = "Pods-FinalProject.debug.xcconfig"; path = "Target Support Files/Pods-FinalProject/Pods-FinalProject.debug.xcconfig"; sourceTree = "<group>"; };
		BD3EFD8E62132522E716F26A /* Pods_FinalProject.framework */ = {isa = PBXFileReference; explicitFileType = wrapper.framework; includeInIndex = 0; path = Pods_FinalProject.framework; sourceTree = BUILT_PRODUCTS_DIR; };
		F301BA80252ACDA500F8D2BB /* PhotosAlbumViewController.swift */ = {isa = PBXFileReference; lastKnownFileType = sourcecode.swift; path = PhotosAlbumViewController.swift; sourceTree = "<group>"; };
		F301BA81252ACDA500F8D2BB /* PhotosAlbumViewController.xib */ = {isa = PBXFileReference; lastKnownFileType = file.xib; path = PhotosAlbumViewController.xib; sourceTree = "<group>"; };
		F301BA84252ACDB900F8D2BB /* PhotosAlbumViewModel.swift */ = {isa = PBXFileReference; lastKnownFileType = sourcecode.swift; path = PhotosAlbumViewModel.swift; sourceTree = "<group>"; };
		F301BA87252ACEC800F8D2BB /* PhotosAlbumCell.swift */ = {isa = PBXFileReference; lastKnownFileType = sourcecode.swift; path = PhotosAlbumCell.swift; sourceTree = "<group>"; };
		F301BA88252ACEC800F8D2BB /* PhotosAlbumCell.xib */ = {isa = PBXFileReference; lastKnownFileType = file.xib; path = PhotosAlbumCell.xib; sourceTree = "<group>"; };
		F301BA8B252ACEDE00F8D2BB /* PhotosAlbumCellViewModel.swift */ = {isa = PBXFileReference; lastKnownFileType = sourcecode.swift; path = PhotosAlbumCellViewModel.swift; sourceTree = "<group>"; };
		F301BA8D252ACF1700F8D2BB /* Photo.swift */ = {isa = PBXFileReference; lastKnownFileType = sourcecode.swift; path = Photo.swift; sourceTree = "<group>"; };
		F301BA8F252AD2BB00F8D2BB /* Api.PhotosInAlbum.swift */ = {isa = PBXFileReference; lastKnownFileType = sourcecode.swift; path = Api.PhotosInAlbum.swift; sourceTree = "<group>"; };
		F301BA96252AFA2500F8D2BB /* PhotoViewModel.swift */ = {isa = PBXFileReference; lastKnownFileType = sourcecode.swift; path = PhotoViewModel.swift; sourceTree = "<group>"; };
		F319F70925297B91007B6CA9 /* DetailsFriend.swift */ = {isa = PBXFileReference; lastKnownFileType = sourcecode.swift; path = DetailsFriend.swift; sourceTree = "<group>"; };
		F319F70D2529CC3B007B6CA9 /* Album.swift */ = {isa = PBXFileReference; lastKnownFileType = sourcecode.swift; path = Album.swift; sourceTree = "<group>"; };
		F32BA0812536D66F00BF0A2A /* UIImageExt.swift */ = {isa = PBXFileReference; lastKnownFileType = sourcecode.swift; path = UIImageExt.swift; sourceTree = "<group>"; };
		F34A82F32523423A0005CC2D /* ReceiverCell.swift */ = {isa = PBXFileReference; lastKnownFileType = sourcecode.swift; name = ReceiverCell.swift; path = "FinalProject/View/Controllers/Tabbar/1. Shop/Chat/SenderCell/ReceiverCell.swift"; sourceTree = SOURCE_ROOT; };
		F34A82F42523423A0005CC2D /* ReceiverCell.xib */ = {isa = PBXFileReference; lastKnownFileType = file.xib; name = ReceiverCell.xib; path = "FinalProject/View/Controllers/Tabbar/1. Shop/Chat/SenderCell/ReceiverCell.xib"; sourceTree = SOURCE_ROOT; };
		F34A8319252929120005CC2D /* CustomLine.swift */ = {isa = PBXFileReference; lastKnownFileType = sourcecode.swift; path = CustomLine.swift; sourceTree = "<group>"; };
		F34A831E25293BCB0005CC2D /* AlbumCell.swift */ = {isa = PBXFileReference; lastKnownFileType = sourcecode.swift; path = AlbumCell.swift; sourceTree = "<group>"; };
		F34A831F25293BCB0005CC2D /* AlbumCell.xib */ = {isa = PBXFileReference; lastKnownFileType = file.xib; path = AlbumCell.xib; sourceTree = "<group>"; };
		F34A832225293BE50005CC2D /* AlbumCellViewModel.swift */ = {isa = PBXFileReference; lastKnownFileType = sourcecode.swift; path = AlbumCellViewModel.swift; sourceTree = "<group>"; };
		F398AAD52520908E006E223F /* Api.InforUser.swift */ = {isa = PBXFileReference; lastKnownFileType = sourcecode.swift; path = Api.InforUser.swift; sourceTree = "<group>"; };
		F398AAD725209395006E223F /* User.swift */ = {isa = PBXFileReference; lastKnownFileType = sourcecode.swift; path = User.swift; sourceTree = "<group>"; };
		F398AAD9252099AE006E223F /* Friends.swift */ = {isa = PBXFileReference; lastKnownFileType = sourcecode.swift; path = Friends.swift; sourceTree = "<group>"; };
		F398AADB2520A00B006E223F /* ConversationsViewController.xib */ = {isa = PBXFileReference; lastKnownFileType = file.xib; path = ConversationsViewController.xib; sourceTree = "<group>"; };
		F398AAE025217E70006E223F /* ConversationsCell.swift */ = {isa = PBXFileReference; lastKnownFileType = sourcecode.swift; path = ConversationsCell.swift; sourceTree = "<group>"; };
		F398AAE125217E70006E223F /* ConversationsCell.xib */ = {isa = PBXFileReference; lastKnownFileType = file.xib; path = ConversationsCell.xib; sourceTree = "<group>"; };
		F398AAE425217F3A006E223F /* ConversationsCellViewModel.swift */ = {isa = PBXFileReference; lastKnownFileType = sourcecode.swift; path = ConversationsCellViewModel.swift; sourceTree = "<group>"; };
		F398AAEE2521A57D006E223F /* ChatViewController.xib */ = {isa = PBXFileReference; lastKnownFileType = file.xib; path = ChatViewController.xib; sourceTree = "<group>"; };
		F398AAF02521C110006E223F /* Message.swift */ = {isa = PBXFileReference; lastKnownFileType = sourcecode.swift; path = Message.swift; sourceTree = "<group>"; };
		F398AAF22521C56B006E223F /* SenderCell.swift */ = {isa = PBXFileReference; lastKnownFileType = sourcecode.swift; path = SenderCell.swift; sourceTree = "<group>"; };
		F398AAF32521C56B006E223F /* SenderCell.xib */ = {isa = PBXFileReference; lastKnownFileType = file.xib; path = SenderCell.xib; sourceTree = "<group>"; };
		F398AAF625224F22006E223F /* MessageCellViewModel.swift */ = {isa = PBXFileReference; lastKnownFileType = sourcecode.swift; path = MessageCellViewModel.swift; sourceTree = "<group>"; };
		F398D710251898C3009E7424 /* ViewController.swift */ = {isa = PBXFileReference; fileEncoding = 4; lastKnownFileType = sourcecode.swift; path = ViewController.swift; sourceTree = "<group>"; };
		F398D72325189AD5009E7424 /* ChatViewController.swift */ = {isa = PBXFileReference; lastKnownFileType = sourcecode.swift; path = ChatViewController.swift; sourceTree = "<group>"; };
		F398D73925189E6D009E7424 /* ChatViewModel.swift */ = {isa = PBXFileReference; lastKnownFileType = sourcecode.swift; path = ChatViewModel.swift; sourceTree = "<group>"; };
		F398D73C25189EEF009E7424 /* FriendsViewController.swift */ = {isa = PBXFileReference; lastKnownFileType = sourcecode.swift; path = FriendsViewController.swift; sourceTree = "<group>"; };
		F398D73D25189EEF009E7424 /* FriendsViewController.xib */ = {isa = PBXFileReference; lastKnownFileType = file.xib; path = FriendsViewController.xib; sourceTree = "<group>"; };
		F398D74025189F08009E7424 /* FriendsViewModel.swift */ = {isa = PBXFileReference; lastKnownFileType = sourcecode.swift; path = FriendsViewModel.swift; sourceTree = "<group>"; };
		F398D74225189F6F009E7424 /* FriendsCollectionViewCell.swift */ = {isa = PBXFileReference; lastKnownFileType = sourcecode.swift; path = FriendsCollectionViewCell.swift; sourceTree = "<group>"; };
		F398D74325189F6F009E7424 /* FriendsCollectionViewCell.xib */ = {isa = PBXFileReference; lastKnownFileType = file.xib; path = FriendsCollectionViewCell.xib; sourceTree = "<group>"; };
		F398D74625189F8D009E7424 /* FriendsCellViewModel.swift */ = {isa = PBXFileReference; lastKnownFileType = sourcecode.swift; path = FriendsCellViewModel.swift; sourceTree = "<group>"; };
		F398D7492518A011009E7424 /* FriendsProfileViewController.swift */ = {isa = PBXFileReference; lastKnownFileType = sourcecode.swift; path = FriendsProfileViewController.swift; sourceTree = "<group>"; };
		F398D74A2518A011009E7424 /* FriendsProfileViewController.xib */ = {isa = PBXFileReference; lastKnownFileType = file.xib; path = FriendsProfileViewController.xib; sourceTree = "<group>"; };
		F398D75D2518A3DE009E7424 /* FriendsProfileViewModel.swift */ = {isa = PBXFileReference; lastKnownFileType = sourcecode.swift; path = FriendsProfileViewModel.swift; sourceTree = "<group>"; };
		F398D75F2518A44F009E7424 /* ConversationsViewController.swift */ = {isa = PBXFileReference; lastKnownFileType = sourcecode.swift; path = ConversationsViewController.swift; sourceTree = "<group>"; };
		F398D7632518A471009E7424 /* ConversationsViewModel.swift */ = {isa = PBXFileReference; lastKnownFileType = sourcecode.swift; path = ConversationsViewModel.swift; sourceTree = "<group>"; };
		F398D7662518A6AA009E7424 /* LoginViewController.swift */ = {isa = PBXFileReference; lastKnownFileType = sourcecode.swift; path = LoginViewController.swift; sourceTree = "<group>"; };
		F398D7672518A6AA009E7424 /* LoginViewController.xib */ = {isa = PBXFileReference; lastKnownFileType = file.xib; path = LoginViewController.xib; sourceTree = "<group>"; };
		F398D7732518AE35009E7424 /* TabbarViewController.swift */ = {isa = PBXFileReference; lastKnownFileType = sourcecode.swift; path = TabbarViewController.swift; sourceTree = "<group>"; };
		F398D7752519D287009E7424 /* FinalProject.entitlements */ = {isa = PBXFileReference; lastKnownFileType = text.plist.entitlements; path = FinalProject.entitlements; sourceTree = "<group>"; };
		F398D77C2519F945009E7424 /* Session.swift */ = {isa = PBXFileReference; lastKnownFileType = sourcecode.swift; path = Session.swift; sourceTree = "<group>"; };
		F398D77F2519FB19009E7424 /* FacebookKey.swift */ = {isa = PBXFileReference; lastKnownFileType = sourcecode.swift; path = FacebookKey.swift; sourceTree = "<group>"; };
		F398D782251AFDC7009E7424 /* AlertKey.swift */ = {isa = PBXFileReference; lastKnownFileType = sourcecode.swift; path = AlertKey.swift; sourceTree = "<group>"; };
		F398D784251B02F5009E7424 /* LoginViewModel.swift */ = {isa = PBXFileReference; lastKnownFileType = sourcecode.swift; path = LoginViewModel.swift; sourceTree = "<group>"; };
		F398D786251B36A9009E7424 /* TabbarItemsKey.swift */ = {isa = PBXFileReference; lastKnownFileType = sourcecode.swift; path = TabbarItemsKey.swift; sourceTree = "<group>"; };
		F398D7A0251E5752009E7424 /* Api.DetailUser.swift */ = {isa = PBXFileReference; lastKnownFileType = sourcecode.swift; path = Api.DetailUser.swift; sourceTree = "<group>"; };
		F3AB7878252C220F00928F6A /* PhotoCell.swift */ = {isa = PBXFileReference; lastKnownFileType = sourcecode.swift; path = PhotoCell.swift; sourceTree = "<group>"; };
		F3AB7879252C220F00928F6A /* PhotoCell.xib */ = {isa = PBXFileReference; lastKnownFileType = file.xib; path = PhotoCell.xib; sourceTree = "<group>"; };
		F3AB787C252C222200928F6A /* PhotoCellViewModel.swift */ = {isa = PBXFileReference; lastKnownFileType = sourcecode.swift; path = PhotoCellViewModel.swift; sourceTree = "<group>"; };
		F3AB787E252C6FF700928F6A /* PhotoViewController.swift */ = {isa = PBXFileReference; lastKnownFileType = sourcecode.swift; path = PhotoViewController.swift; sourceTree = "<group>"; };
		F3AB787F252C6FF700928F6A /* PhotoViewController.xib */ = {isa = PBXFileReference; lastKnownFileType = file.xib; path = PhotoViewController.xib; sourceTree = "<group>"; };
		F3BEF43C264BCED600D4B7BA /* GoogleService-Info.plist */ = {isa = PBXFileReference; fileEncoding = 4; lastKnownFileType = text.plist.xml; path = "GoogleService-Info.plist"; sourceTree = "<group>"; };
/* End PBXFileReference section */

/* Begin PBXFrameworksBuildPhase section */
		6ED44C97250A8145006DA53B /* Frameworks */ = {
			isa = PBXFrameworksBuildPhase;
			buildActionMask = 2147483647;
			files = (
				F394C983A276A0328ED4448A /* Pods_FinalProject.framework in Frameworks */,
			);
			runOnlyForDeploymentPostprocessing = 0;
		};
/* End PBXFrameworksBuildPhase section */

/* Begin PBXGroup section */
		6ED44C91250A8145006DA53B = {
			isa = PBXGroup;
			children = (
				6ED44C9C250A8145006DA53B /* FinalProject */,
				6ED44C9B250A8145006DA53B /* Products */,
				773014347F191272070004E1 /* Pods */,
				96D9AF471DFDE4BC6ED2066F /* Frameworks */,
			);
			sourceTree = "<group>";
		};
		6ED44C9B250A8145006DA53B /* Products */ = {
			isa = PBXGroup;
			children = (
				6ED44C9A250A8145006DA53B /* FinalProject.app */,
			);
			name = Products;
			sourceTree = "<group>";
		};
		6ED44C9C250A8145006DA53B /* FinalProject */ = {
			isa = PBXGroup;
			children = (
				F398D7752519D287009E7424 /* FinalProject.entitlements */,
				F398D77E2519FB06009E7424 /* Define */,
				6ED44CC5250A8357006DA53B /* Library */,
				6ED44CB7250A8304006DA53B /* Model */,
				6ED44CB4250A827E006DA53B /* Support */,
				6ED44CB2250A8237006DA53B /* Resource */,
				6ED44CB1250A81F9006DA53B /* View */,
			);
			path = FinalProject;
			sourceTree = "<group>";
		};
		6ED44CB1250A81F9006DA53B /* View */ = {
			isa = PBXGroup;
			children = (
				F398D712251898F4009E7424 /* Controllers */,
				6ED44CB3250A8269006DA53B /* Base */,
				6ED44C9D250A8145006DA53B /* AppDelegate.swift */,
			);
			path = View;
			sourceTree = "<group>";
		};
		6ED44CB2250A8237006DA53B /* Resource */ = {
			isa = PBXGroup;
			children = (
				F34A82F7252444390005CC2D /* Font */,
				6ED44CA6250A8148006DA53B /* Assets.xcassets */,
			);
			path = Resource;
			sourceTree = "<group>";
		};
		6ED44CB3250A8269006DA53B /* Base */ = {
			isa = PBXGroup;
			children = (
				F398D710251898C3009E7424 /* ViewController.swift */,
				F398D7732518AE35009E7424 /* TabbarViewController.swift */,
			);
			path = Base;
			sourceTree = "<group>";
		};
		6ED44CB4250A827E006DA53B /* Support */ = {
			isa = PBXGroup;
			children = (
				F3BEF43C264BCED600D4B7BA /* GoogleService-Info.plist */,
				6ED44CEB250A84F8006DA53B /* Info.plist */,
				6ED44CE7250A8476006DA53B /* Base.lproj */,
			);
			path = Support;
			sourceTree = "<group>";
		};
		6ED44CB7250A8304006DA53B /* Model */ = {
			isa = PBXGroup;
			children = (
				F398D788251C4057009E7424 /* Schema */,
				6ED44CB8250A8320006DA53B /* API */,
				F398D77C2519F945009E7424 /* Session.swift */,
			);
			path = Model;
			sourceTree = "<group>";
		};
		6ED44CB8250A8320006DA53B /* API */ = {
			isa = PBXGroup;
			children = (
				6ED44CB9250A8320006DA53B /* RequestSerializer.swift */,
				6ED44CBA250A8320006DA53B /* NSURL.swift */,
				6ED44CBB250A8320006DA53B /* Error.swift */,
				6ED44CBC250A8320006DA53B /* ApiManager.swift */,
				6ED44CBD250A8320006DA53B /* ResponseSerializer.swift */,
				6ED44CBE250A8320006DA53B /* Router.swift */,
				F398D7A0251E5752009E7424 /* Api.DetailUser.swift */,
				F398AAD52520908E006E223F /* Api.InforUser.swift */,
				F301BA8F252AD2BB00F8D2BB /* Api.PhotosInAlbum.swift */,
			);
			path = API;
			sourceTree = "<group>";
		};
		6ED44CC5250A8357006DA53B /* Library */ = {
			isa = PBXGroup;
			children = (
				6ED44CC6250A8357006DA53B /* Ext */,
			);
			path = Library;
			sourceTree = "<group>";
		};
		6ED44CC6250A8357006DA53B /* Ext */ = {
			isa = PBXGroup;
			children = (
				6ED44CCB250A8357006DA53B /* StringExt.swift */,
				6ED44CCC250A8357006DA53B /* DictionaryExt.swift */,
				6ED44CCD250A8357006DA53B /* NSDataExt.swift */,
				F32BA0812536D66F00BF0A2A /* UIImageExt.swift */,
			);
			path = Ext;
			sourceTree = "<group>";
		};
		6ED44CE7250A8476006DA53B /* Base.lproj */ = {
			isa = PBXGroup;
			children = (
				6ED44CE8250A8476006DA53B /* LaunchScreen.storyboard */,
			);
			path = Base.lproj;
			sourceTree = "<group>";
		};
		773014347F191272070004E1 /* Pods */ = {
			isa = PBXGroup;
			children = (
				A6E513A51564968E3C0375F2 /* Pods-FinalProject.debug.xcconfig */,
				576798226742ABD93715BDF6 /* Pods-FinalProject.release.xcconfig */,
			);
			path = Pods;
			sourceTree = "<group>";
		};
		96D9AF471DFDE4BC6ED2066F /* Frameworks */ = {
			isa = PBXGroup;
			children = (
				BD3EFD8E62132522E716F26A /* Pods_FinalProject.framework */,
			);
			name = Frameworks;
			sourceTree = "<group>";
		};
		F301BA7F252ACC5B00F8D2BB /* PhotosAlbum */ = {
			isa = PBXGroup;
			children = (
				F301BA91252AF9A900F8D2BB /* Photo */,
				F301BA80252ACDA500F8D2BB /* PhotosAlbumViewController.swift */,
				F301BA81252ACDA500F8D2BB /* PhotosAlbumViewController.xib */,
				F301BA84252ACDB900F8D2BB /* PhotosAlbumViewModel.swift */,
				F301BA86252ACE9900F8D2BB /* PhotosAlbumCell */,
			);
			path = PhotosAlbum;
			sourceTree = "<group>";
		};
		F301BA86252ACE9900F8D2BB /* PhotosAlbumCell */ = {
			isa = PBXGroup;
			children = (
				F301BA87252ACEC800F8D2BB /* PhotosAlbumCell.swift */,
				F301BA88252ACEC800F8D2BB /* PhotosAlbumCell.xib */,
				F301BA8B252ACEDE00F8D2BB /* PhotosAlbumCellViewModel.swift */,
			);
			path = PhotosAlbumCell;
			sourceTree = "<group>";
		};
		F301BA91252AF9A900F8D2BB /* Photo */ = {
			isa = PBXGroup;
			children = (
				F301BA96252AFA2500F8D2BB /* PhotoViewModel.swift */,
				F3AB787E252C6FF700928F6A /* PhotoViewController.swift */,
				F3AB787F252C6FF700928F6A /* PhotoViewController.xib */,
				F3AB7877252C21E500928F6A /* PhotoCell */,
			);
			path = Photo;
			sourceTree = "<group>";
		};
		F34A82F7252444390005CC2D /* Font */ = {
			isa = PBXGroup;
			children = (
			);
			path = Font;
			sourceTree = "<group>";
		};
		F34A831D25293B8D0005CC2D /* AlbumCell */ = {
			isa = PBXGroup;
			children = (
				F301BA7F252ACC5B00F8D2BB /* PhotosAlbum */,
				F34A831E25293BCB0005CC2D /* AlbumCell.swift */,
				F34A831F25293BCB0005CC2D /* AlbumCell.xib */,
				F34A832225293BE50005CC2D /* AlbumCellViewModel.swift */,
			);
			path = AlbumCell;
			sourceTree = "<group>";
		};
		F398AADF25217E52006E223F /* ConversationsCell */ = {
			isa = PBXGroup;
			children = (
				F398AAE025217E70006E223F /* ConversationsCell.swift */,
				F398AAE125217E70006E223F /* ConversationsCell.xib */,
				F398AAE425217F3A006E223F /* ConversationsCellViewModel.swift */,
			);
			path = ConversationsCell;
			sourceTree = "<group>";
		};
		F398D712251898F4009E7424 /* Controllers */ = {
			isa = PBXGroup;
			children = (
				F398D781251AEC81009E7424 /* Tabbar */,
				F398D71325189905009E7424 /* Login */,
			);
			path = Controllers;
			sourceTree = "<group>";
		};
		F398D71325189905009E7424 /* Login */ = {
			isa = PBXGroup;
			children = (
				F398D7662518A6AA009E7424 /* LoginViewController.swift */,
				F398D7672518A6AA009E7424 /* LoginViewController.xib */,
				F398D784251B02F5009E7424 /* LoginViewModel.swift */,
			);
			path = Login;
			sourceTree = "<group>";
		};
		F398D71525189919009E7424 /* 2. Friends */ = {
			isa = PBXGroup;
			children = (
				F398D74025189F08009E7424 /* FriendsViewModel.swift */,
				F398D73C25189EEF009E7424 /* FriendsViewController.swift */,
				F398D73D25189EEF009E7424 /* FriendsViewController.xib */,
				F398D73B25189E9B009E7424 /* FriendsCell */,
			);
			path = "2. Friends";
			sourceTree = "<group>";
		};
		F398D71625189922009E7424 /* 3. Conversations */ = {
			isa = PBXGroup;
			children = (
				F398D719251899A9009E7424 /* Chat */,
				F398D75F2518A44F009E7424 /* ConversationsViewController.swift */,
				F398D7632518A471009E7424 /* ConversationsViewModel.swift */,
				F398AADB2520A00B006E223F /* ConversationsViewController.xib */,
				F398AADF25217E52006E223F /* ConversationsCell */,
			);
			path = "3. Conversations";
			sourceTree = "<group>";
		};
		F398D719251899A9009E7424 /* Chat */ = {
			isa = PBXGroup;
			children = (
				F398AAEE2521A57D006E223F /* ChatViewController.xib */,
				F398D72325189AD5009E7424 /* ChatViewController.swift */,
				F398D73925189E6D009E7424 /* ChatViewModel.swift */,
				F398D71B25189A18009E7424 /* ReceiverCell */,
				F398D71A251899C5009E7424 /* SenderCell */,
			);
			path = Chat;
			sourceTree = "<group>";
		};
		F398D71A251899C5009E7424 /* SenderCell */ = {
			isa = PBXGroup;
			children = (
				F398AAF22521C56B006E223F /* SenderCell.swift */,
				F398AAF32521C56B006E223F /* SenderCell.xib */,
				F398AAF625224F22006E223F /* MessageCellViewModel.swift */,
			);
			path = SenderCell;
			sourceTree = "<group>";
		};
		F398D71B25189A18009E7424 /* ReceiverCell */ = {
			isa = PBXGroup;
			children = (
				F34A82F32523423A0005CC2D /* ReceiverCell.swift */,
				F34A82F42523423A0005CC2D /* ReceiverCell.xib */,
			);
			path = ReceiverCell;
			sourceTree = "<group>";
		};
		F398D73B25189E9B009E7424 /* FriendsCell */ = {
			isa = PBXGroup;
			children = (
				F398D74625189F8D009E7424 /* FriendsCellViewModel.swift */,
				F398D74325189F6F009E7424 /* FriendsCollectionViewCell.xib */,
				F398D74225189F6F009E7424 /* FriendsCollectionViewCell.swift */,
				F398D74825189FA7009E7424 /* FriendsProfile */,
			);
			path = FriendsCell;
			sourceTree = "<group>";
		};
		F398D74825189FA7009E7424 /* FriendsProfile */ = {
			isa = PBXGroup;
			children = (
				F34A831D25293B8D0005CC2D /* AlbumCell */,
				F398D75D2518A3DE009E7424 /* FriendsProfileViewModel.swift */,
				F398D74A2518A011009E7424 /* FriendsProfileViewController.xib */,
				F398D7492518A011009E7424 /* FriendsProfileViewController.swift */,
				F398D74D2518A026009E7424 /* CustomDetails */,
			);
			path = FriendsProfile;
			sourceTree = "<group>";
		};
		F398D74D2518A026009E7424 /* CustomDetails */ = {
			isa = PBXGroup;
			children = (
				F34A8319252929120005CC2D /* CustomLine.swift */,
			);
			path = CustomDetails;
			sourceTree = "<group>";
		};
		F398D77E2519FB06009E7424 /* Define */ = {
			isa = PBXGroup;
			children = (
				F398D77F2519FB19009E7424 /* FacebookKey.swift */,
				F398D782251AFDC7009E7424 /* AlertKey.swift */,
				F398D786251B36A9009E7424 /* TabbarItemsKey.swift */,
			);
			path = Define;
			sourceTree = "<group>";
		};
		F398D781251AEC81009E7424 /* Tabbar */ = {
			isa = PBXGroup;
			children = (
				F398D71625189922009E7424 /* 3. Conversations */,
				F398D71525189919009E7424 /* 2. Friends */,
			);
			path = Tabbar;
			sourceTree = "<group>";
		};
		F398D788251C4057009E7424 /* Schema */ = {
			isa = PBXGroup;
			children = (
				F398AAD725209395006E223F /* User.swift */,
				F398AAD9252099AE006E223F /* Friends.swift */,
				F398AAF02521C110006E223F /* Message.swift */,
				F319F70925297B91007B6CA9 /* DetailsFriend.swift */,
				F319F70D2529CC3B007B6CA9 /* Album.swift */,
				F301BA8D252ACF1700F8D2BB /* Photo.swift */,
			);
			path = Schema;
			sourceTree = "<group>";
		};
		F3AB7877252C21E500928F6A /* PhotoCell */ = {
			isa = PBXGroup;
			children = (
				F3AB7878252C220F00928F6A /* PhotoCell.swift */,
				F3AB7879252C220F00928F6A /* PhotoCell.xib */,
				F3AB787C252C222200928F6A /* PhotoCellViewModel.swift */,
			);
			path = PhotoCell;
			sourceTree = "<group>";
		};
/* End PBXGroup section */

/* Begin PBXNativeTarget section */
		6ED44C99250A8145006DA53B /* FinalProject */ = {
			isa = PBXNativeTarget;
			buildConfigurationList = 6ED44CAE250A8148006DA53B /* Build configuration list for PBXNativeTarget "FinalProject" */;
			buildPhases = (
				3F194C3DDDB97122FDDA521C /* [CP] Check Pods Manifest.lock */,
				6ED44C96250A8145006DA53B /* Sources */,
				6ED44C97250A8145006DA53B /* Frameworks */,
				6ED44C98250A8145006DA53B /* Resources */,
				A4F39D2A53E15D46579B9652 /* [CP] Embed Pods Frameworks */,
				6E046610251885A400C8A57A /* Swift Lint */,
			);
			buildRules = (
			);
			dependencies = (
			);
			name = FinalProject;
			productName = FinalProject;
			productReference = 6ED44C9A250A8145006DA53B /* FinalProject.app */;
			productType = "com.apple.product-type.application";
		};
/* End PBXNativeTarget section */

/* Begin PBXProject section */
		6ED44C92250A8145006DA53B /* Project object */ = {
			isa = PBXProject;
			attributes = {
				LastSwiftUpdateCheck = 1150;
				LastUpgradeCheck = 1150;
				ORGANIZATIONNAME = MBA0176;
				TargetAttributes = {
					6ED44C99250A8145006DA53B = {
						CreatedOnToolsVersion = 11.5;
					};
				};
			};
			buildConfigurationList = 6ED44C95250A8145006DA53B /* Build configuration list for PBXProject "FinalProject" */;
			compatibilityVersion = "Xcode 9.3";
			developmentRegion = en;
			hasScannedForEncodings = 0;
			knownRegions = (
				en,
				Base,
			);
			mainGroup = 6ED44C91250A8145006DA53B;
			productRefGroup = 6ED44C9B250A8145006DA53B /* Products */;
			projectDirPath = "";
			projectRoot = "";
			targets = (
				6ED44C99250A8145006DA53B /* FinalProject */,
			);
		};
/* End PBXProject section */

/* Begin PBXResourcesBuildPhase section */
		6ED44C98250A8145006DA53B /* Resources */ = {
			isa = PBXResourcesBuildPhase;
			buildActionMask = 2147483647;
			files = (
				F3AB787B252C220F00928F6A /* PhotoCell.xib in Resources */,
				6ED44CEA250A8476006DA53B /* LaunchScreen.storyboard in Resources */,
				6ED44CA7250A8148006DA53B /* Assets.xcassets in Resources */,
				F398D73F25189EEF009E7424 /* FriendsViewController.xib in Resources */,
				F301BA83252ACDA500F8D2BB /* PhotosAlbumViewController.xib in Resources */,
				F301BA8A252ACEC800F8D2BB /* PhotosAlbumCell.xib in Resources */,
				F398D74525189F6F009E7424 /* FriendsCollectionViewCell.xib in Resources */,
				F3AB7881252C6FF700928F6A /* PhotoViewController.xib in Resources */,
				F3BEF43D264BCED600D4B7BA /* GoogleService-Info.plist in Resources */,
				F398AAF52521C56B006E223F /* SenderCell.xib in Resources */,
				F398AAEF2521A57D006E223F /* ChatViewController.xib in Resources */,
				F398D74C2518A011009E7424 /* FriendsProfileViewController.xib in Resources */,
				F398AAE325217E70006E223F /* ConversationsCell.xib in Resources */,
				F34A832125293BCB0005CC2D /* AlbumCell.xib in Resources */,
				F398AADC2520A00B006E223F /* ConversationsViewController.xib in Resources */,
				F34A82F62523423A0005CC2D /* ReceiverCell.xib in Resources */,
				F398D7692518A6AA009E7424 /* LoginViewController.xib in Resources */,
			);
			runOnlyForDeploymentPostprocessing = 0;
		};
/* End PBXResourcesBuildPhase section */

/* Begin PBXShellScriptBuildPhase section */
		3F194C3DDDB97122FDDA521C /* [CP] Check Pods Manifest.lock */ = {
			isa = PBXShellScriptBuildPhase;
			buildActionMask = 2147483647;
			files = (
			);
			inputFileListPaths = (
			);
			inputPaths = (
				"${PODS_PODFILE_DIR_PATH}/Podfile.lock",
				"${PODS_ROOT}/Manifest.lock",
			);
			name = "[CP] Check Pods Manifest.lock";
			outputFileListPaths = (
			);
			outputPaths = (
				"$(DERIVED_FILE_DIR)/Pods-FinalProject-checkManifestLockResult.txt",
			);
			runOnlyForDeploymentPostprocessing = 0;
			shellPath = /bin/sh;
			shellScript = "diff \"${PODS_PODFILE_DIR_PATH}/Podfile.lock\" \"${PODS_ROOT}/Manifest.lock\" > /dev/null\nif [ $? != 0 ] ; then\n    # print error to STDERR\n    echo \"error: The sandbox is not in sync with the Podfile.lock. Run 'pod install' or update your CocoaPods installation.\" >&2\n    exit 1\nfi\n# This output is used by Xcode 'outputs' to avoid re-running this script phase.\necho \"SUCCESS\" > \"${SCRIPT_OUTPUT_FILE_0}\"\n";
			showEnvVarsInLog = 0;
		};
		6E046610251885A400C8A57A /* Swift Lint */ = {
			isa = PBXShellScriptBuildPhase;
			buildActionMask = 2147483647;
			files = (
			);
			inputFileListPaths = (
			);
			inputPaths = (
			);
			name = "Swift Lint";
			outputFileListPaths = (
			);
			outputPaths = (
			);
			runOnlyForDeploymentPostprocessing = 0;
			shellPath = /bin/sh;
			shellScript = "\"${PODS_ROOT}/SwiftLint/swiftlint\"\n";
		};
		A4F39D2A53E15D46579B9652 /* [CP] Embed Pods Frameworks */ = {
			isa = PBXShellScriptBuildPhase;
			buildActionMask = 2147483647;
			files = (
			);
			inputFileListPaths = (
				"${PODS_ROOT}/Target Support Files/Pods-FinalProject/Pods-FinalProject-frameworks-${CONFIGURATION}-input-files.xcfilelist",
			);
			name = "[CP] Embed Pods Frameworks";
			outputFileListPaths = (
				"${PODS_ROOT}/Target Support Files/Pods-FinalProject/Pods-FinalProject-frameworks-${CONFIGURATION}-output-files.xcfilelist",
			);
			runOnlyForDeploymentPostprocessing = 0;
			shellPath = /bin/sh;
			shellScript = "\"${PODS_ROOT}/Target Support Files/Pods-FinalProject/Pods-FinalProject-frameworks.sh\"\n";
			showEnvVarsInLog = 0;
		};
/* End PBXShellScriptBuildPhase section */

/* Begin PBXSourcesBuildPhase section */
		6ED44C96250A8145006DA53B /* Sources */ = {
			isa = PBXSourcesBuildPhase;
			buildActionMask = 2147483647;
			files = (
				6ED44CC0250A8320006DA53B /* NSURL.swift in Sources */,
				F3AB7880252C6FF700928F6A /* PhotoViewController.swift in Sources */,
				F398AADA252099AE006E223F /* Friends.swift in Sources */,
				F398D73E25189EEF009E7424 /* FriendsViewController.swift in Sources */,
				6ED44CBF250A8320006DA53B /* RequestSerializer.swift in Sources */,
				F319F70A25297B91007B6CA9 /* DetailsFriend.swift in Sources */,
				F398AAD825209395006E223F /* User.swift in Sources */,
				F398D785251B02F5009E7424 /* LoginViewModel.swift in Sources */,
				F398D711251898C3009E7424 /* ViewController.swift in Sources */,
				F3AB787D252C222200928F6A /* PhotoCellViewModel.swift in Sources */,
				6ED44CC2250A8320006DA53B /* ApiManager.swift in Sources */,
				F398D74125189F08009E7424 /* FriendsViewModel.swift in Sources */,
				F34A831A252929120005CC2D /* CustomLine.swift in Sources */,
				F398D77D2519F945009E7424 /* Session.swift in Sources */,
				6ED44CDA250A8357006DA53B /* DictionaryExt.swift in Sources */,
				6ED44CDB250A8357006DA53B /* NSDataExt.swift in Sources */,
				F398D7742518AE35009E7424 /* TabbarViewController.swift in Sources */,
				F301BA8C252ACEDE00F8D2BB /* PhotosAlbumCellViewModel.swift in Sources */,
				6ED44CC4250A8320006DA53B /* Router.swift in Sources */,
				F398D74B2518A011009E7424 /* FriendsProfileViewController.swift in Sources */,
				6ED44CC3250A8320006DA53B /* ResponseSerializer.swift in Sources */,
				F34A832325293BE50005CC2D /* AlbumCellViewModel.swift in Sources */,
				F398D7682518A6AA009E7424 /* LoginViewController.swift in Sources */,
				F398D74725189F8D009E7424 /* FriendsCellViewModel.swift in Sources */,
				F398D7A1251E5752009E7424 /* Api.DetailUser.swift in Sources */,
				F398AAE525217F3A006E223F /* ConversationsCellViewModel.swift in Sources */,
				F301BA97252AFA2500F8D2BB /* PhotoViewModel.swift in Sources */,
				6ED44C9E250A8145006DA53B /* AppDelegate.swift in Sources */,
				6ED44CD9250A8357006DA53B /* StringExt.swift in Sources */,
				F34A82F52523423A0005CC2D /* ReceiverCell.swift in Sources */,
				F398AAE225217E70006E223F /* ConversationsCell.swift in Sources */,
				F301BA82252ACDA500F8D2BB /* PhotosAlbumViewController.swift in Sources */,
				F398D7612518A44F009E7424 /* ConversationsViewController.swift in Sources */,
				F398D787251B36A9009E7424 /* TabbarItemsKey.swift in Sources */,
				F319F70E2529CC3B007B6CA9 /* Album.swift in Sources */,
				F398D75E2518A3DE009E7424 /* FriendsProfileViewModel.swift in Sources */,
				F398D74425189F6F009E7424 /* FriendsCollectionViewCell.swift in Sources */,
				F301BA89252ACEC800F8D2BB /* PhotosAlbumCell.swift in Sources */,
				F301BA8E252ACF1700F8D2BB /* Photo.swift in Sources */,
				F398D7802519FB19009E7424 /* FacebookKey.swift in Sources */,
				F301BA85252ACDB900F8D2BB /* PhotosAlbumViewModel.swift in Sources */,
				F398D7642518A471009E7424 /* ConversationsViewModel.swift in Sources */,
				F398AAF12521C110006E223F /* Message.swift in Sources */,
				F398AAF725224F22006E223F /* MessageCellViewModel.swift in Sources */,
				F3AB787A252C220F00928F6A /* PhotoCell.swift in Sources */,
				F398AAD62520908E006E223F /* Api.InforUser.swift in Sources */,
				F398D72525189AD5009E7424 /* ChatViewController.swift in Sources */,
				F398AAF42521C56B006E223F /* SenderCell.swift in Sources */,
				F34A832025293BCB0005CC2D /* AlbumCell.swift in Sources */,
				F32BA0822536D66F00BF0A2A /* UIImageExt.swift in Sources */,
				6ED44CC1250A8320006DA53B /* Error.swift in Sources */,
				F398D783251AFDC7009E7424 /* AlertKey.swift in Sources */,
				F301BA90252AD2BB00F8D2BB /* Api.PhotosInAlbum.swift in Sources */,
				F398D73A25189E6D009E7424 /* ChatViewModel.swift in Sources */,
			);
			runOnlyForDeploymentPostprocessing = 0;
		};
/* End PBXSourcesBuildPhase section */

/* Begin PBXVariantGroup section */
		6ED44CE8250A8476006DA53B /* LaunchScreen.storyboard */ = {
			isa = PBXVariantGroup;
			children = (
				6ED44CE9250A8476006DA53B /* Base */,
			);
			name = LaunchScreen.storyboard;
			sourceTree = "<group>";
		};
/* End PBXVariantGroup section */

/* Begin XCBuildConfiguration section */
		6ED44CAC250A8148006DA53B /* Debug */ = {
			isa = XCBuildConfiguration;
			buildSettings = {
				ALWAYS_SEARCH_USER_PATHS = NO;
				CLANG_ANALYZER_NONNULL = YES;
				CLANG_ANALYZER_NUMBER_OBJECT_CONVERSION = YES_AGGRESSIVE;
				CLANG_CXX_LANGUAGE_STANDARD = "gnu++14";
				CLANG_CXX_LIBRARY = "libc++";
				CLANG_ENABLE_MODULES = YES;
				CLANG_ENABLE_OBJC_ARC = YES;
				CLANG_ENABLE_OBJC_WEAK = YES;
				CLANG_WARN_BLOCK_CAPTURE_AUTORELEASING = YES;
				CLANG_WARN_BOOL_CONVERSION = YES;
				CLANG_WARN_COMMA = YES;
				CLANG_WARN_CONSTANT_CONVERSION = YES;
				CLANG_WARN_DEPRECATED_OBJC_IMPLEMENTATIONS = YES;
				CLANG_WARN_DIRECT_OBJC_ISA_USAGE = YES_ERROR;
				CLANG_WARN_DOCUMENTATION_COMMENTS = YES;
				CLANG_WARN_EMPTY_BODY = YES;
				CLANG_WARN_ENUM_CONVERSION = YES;
				CLANG_WARN_INFINITE_RECURSION = YES;
				CLANG_WARN_INT_CONVERSION = YES;
				CLANG_WARN_NON_LITERAL_NULL_CONVERSION = YES;
				CLANG_WARN_OBJC_IMPLICIT_RETAIN_SELF = YES;
				CLANG_WARN_OBJC_LITERAL_CONVERSION = YES;
				CLANG_WARN_OBJC_ROOT_CLASS = YES_ERROR;
				CLANG_WARN_RANGE_LOOP_ANALYSIS = YES;
				CLANG_WARN_STRICT_PROTOTYPES = YES;
				CLANG_WARN_SUSPICIOUS_MOVE = YES;
				CLANG_WARN_UNGUARDED_AVAILABILITY = YES_AGGRESSIVE;
				CLANG_WARN_UNREACHABLE_CODE = YES;
				CLANG_WARN__DUPLICATE_METHOD_MATCH = YES;
				COPY_PHASE_STRIP = NO;
				DEBUG_INFORMATION_FORMAT = dwarf;
				ENABLE_STRICT_OBJC_MSGSEND = YES;
				ENABLE_TESTABILITY = YES;
				GCC_C_LANGUAGE_STANDARD = gnu11;
				GCC_DYNAMIC_NO_PIC = NO;
				GCC_NO_COMMON_BLOCKS = YES;
				GCC_OPTIMIZATION_LEVEL = 0;
				GCC_PREPROCESSOR_DEFINITIONS = (
					"DEBUG=1",
					"$(inherited)",
				);
				GCC_WARN_64_TO_32_BIT_CONVERSION = YES;
				GCC_WARN_ABOUT_RETURN_TYPE = YES_ERROR;
				GCC_WARN_UNDECLARED_SELECTOR = YES;
				GCC_WARN_UNINITIALIZED_AUTOS = YES_AGGRESSIVE;
				GCC_WARN_UNUSED_FUNCTION = YES;
				GCC_WARN_UNUSED_VARIABLE = YES;
				IPHONEOS_DEPLOYMENT_TARGET = 13.5;
				MTL_ENABLE_DEBUG_INFO = INCLUDE_SOURCE;
				MTL_FAST_MATH = YES;
				ONLY_ACTIVE_ARCH = YES;
				SDKROOT = iphoneos;
				SWIFT_ACTIVE_COMPILATION_CONDITIONS = DEBUG;
				SWIFT_OPTIMIZATION_LEVEL = "-Onone";
			};
			name = Debug;
		};
		6ED44CAD250A8148006DA53B /* Release */ = {
			isa = XCBuildConfiguration;
			buildSettings = {
				ALWAYS_SEARCH_USER_PATHS = NO;
				CLANG_ANALYZER_NONNULL = YES;
				CLANG_ANALYZER_NUMBER_OBJECT_CONVERSION = YES_AGGRESSIVE;
				CLANG_CXX_LANGUAGE_STANDARD = "gnu++14";
				CLANG_CXX_LIBRARY = "libc++";
				CLANG_ENABLE_MODULES = YES;
				CLANG_ENABLE_OBJC_ARC = YES;
				CLANG_ENABLE_OBJC_WEAK = YES;
				CLANG_WARN_BLOCK_CAPTURE_AUTORELEASING = YES;
				CLANG_WARN_BOOL_CONVERSION = YES;
				CLANG_WARN_COMMA = YES;
				CLANG_WARN_CONSTANT_CONVERSION = YES;
				CLANG_WARN_DEPRECATED_OBJC_IMPLEMENTATIONS = YES;
				CLANG_WARN_DIRECT_OBJC_ISA_USAGE = YES_ERROR;
				CLANG_WARN_DOCUMENTATION_COMMENTS = YES;
				CLANG_WARN_EMPTY_BODY = YES;
				CLANG_WARN_ENUM_CONVERSION = YES;
				CLANG_WARN_INFINITE_RECURSION = YES;
				CLANG_WARN_INT_CONVERSION = YES;
				CLANG_WARN_NON_LITERAL_NULL_CONVERSION = YES;
				CLANG_WARN_OBJC_IMPLICIT_RETAIN_SELF = YES;
				CLANG_WARN_OBJC_LITERAL_CONVERSION = YES;
				CLANG_WARN_OBJC_ROOT_CLASS = YES_ERROR;
				CLANG_WARN_RANGE_LOOP_ANALYSIS = YES;
				CLANG_WARN_STRICT_PROTOTYPES = YES;
				CLANG_WARN_SUSPICIOUS_MOVE = YES;
				CLANG_WARN_UNGUARDED_AVAILABILITY = YES_AGGRESSIVE;
				CLANG_WARN_UNREACHABLE_CODE = YES;
				CLANG_WARN__DUPLICATE_METHOD_MATCH = YES;
				COPY_PHASE_STRIP = NO;
				DEBUG_INFORMATION_FORMAT = "dwarf-with-dsym";
				ENABLE_NS_ASSERTIONS = NO;
				ENABLE_STRICT_OBJC_MSGSEND = YES;
				GCC_C_LANGUAGE_STANDARD = gnu11;
				GCC_NO_COMMON_BLOCKS = YES;
				GCC_WARN_64_TO_32_BIT_CONVERSION = YES;
				GCC_WARN_ABOUT_RETURN_TYPE = YES_ERROR;
				GCC_WARN_UNDECLARED_SELECTOR = YES;
				GCC_WARN_UNINITIALIZED_AUTOS = YES_AGGRESSIVE;
				GCC_WARN_UNUSED_FUNCTION = YES;
				GCC_WARN_UNUSED_VARIABLE = YES;
				IPHONEOS_DEPLOYMENT_TARGET = 13.5;
				MTL_ENABLE_DEBUG_INFO = NO;
				MTL_FAST_MATH = YES;
				SDKROOT = iphoneos;
				SWIFT_COMPILATION_MODE = wholemodule;
				SWIFT_OPTIMIZATION_LEVEL = "-O";
				VALIDATE_PRODUCT = YES;
			};
			name = Release;
		};
		6ED44CAF250A8148006DA53B /* Debug */ = {
			isa = XCBuildConfiguration;
			baseConfigurationReference = A6E513A51564968E3C0375F2 /* Pods-FinalProject.debug.xcconfig */;
			buildSettings = {
				ASSETCATALOG_COMPILER_APPICON_NAME = AppIcon;
				CODE_SIGN_ENTITLEMENTS = FinalProject/FinalProject.entitlements;
				CODE_SIGN_STYLE = Automatic;
				DEVELOPMENT_TEAM = 4FGMSL24MR;
				INFOPLIST_FILE = FinalProject/Support/Info.plist;
				IPHONEOS_DEPLOYMENT_TARGET = 12.4;
				LD_RUNPATH_SEARCH_PATHS = (
					"$(inherited)",
					"@executable_path/Frameworks",
				);
				PRODUCT_BUNDLE_IDENTIFIER = com.Test.FinalProject;
				PRODUCT_NAME = "$(TARGET_NAME)";
				SWIFT_VERSION = 5.0;
				TARGETED_DEVICE_FAMILY = "1,2";
			};
			name = Debug;
		};
		6ED44CB0250A8148006DA53B /* Release */ = {
			isa = XCBuildConfiguration;
			baseConfigurationReference = 576798226742ABD93715BDF6 /* Pods-FinalProject.release.xcconfig */;
			buildSettings = {
				ASSETCATALOG_COMPILER_APPICON_NAME = AppIcon;
				CODE_SIGN_ENTITLEMENTS = FinalProject/FinalProject.entitlements;
				CODE_SIGN_STYLE = Automatic;
				DEVELOPMENT_TEAM = 4FGMSL24MR;
				INFOPLIST_FILE = FinalProject/Support/Info.plist;
				IPHONEOS_DEPLOYMENT_TARGET = 12.4;
				LD_RUNPATH_SEARCH_PATHS = (
					"$(inherited)",
					"@executable_path/Frameworks",
				);
				PRODUCT_BUNDLE_IDENTIFIER = com.Test.FinalProject;
				PRODUCT_NAME = "$(TARGET_NAME)";
				SWIFT_VERSION = 5.0;
				TARGETED_DEVICE_FAMILY = "1,2";
			};
			name = Release;
		};
/* End XCBuildConfiguration section */

/* Begin XCConfigurationList section */
		6ED44C95250A8145006DA53B /* Build configuration list for PBXProject "FinalProject" */ = {
			isa = XCConfigurationList;
			buildConfigurations = (
				6ED44CAC250A8148006DA53B /* Debug */,
				6ED44CAD250A8148006DA53B /* Release */,
			);
			defaultConfigurationIsVisible = 0;
			defaultConfigurationName = Release;
		};
		6ED44CAE250A8148006DA53B /* Build configuration list for PBXNativeTarget "FinalProject" */ = {
			isa = XCConfigurationList;
			buildConfigurations = (
				6ED44CAF250A8148006DA53B /* Debug */,
				6ED44CB0250A8148006DA53B /* Release */,
			);
			defaultConfigurationIsVisible = 0;
			defaultConfigurationName = Release;
		};
/* End XCConfigurationList section */
	};
	rootObject = 6ED44C92250A8145006DA53B /* Project object */;
}
